
Microsoft Visual Studio Solution File, Format Version 12.00
# Visual Studio Version 16
VisualStudioVersion = 16.0.29920.165
MinimumVisualStudioVersion = 10.0.40219.1
Project("{FAE04EC0-301F-11D3-BF4B-00C04F79EFBC}") = "ConsoleTesteConexaoMySql", "ConsoleTesteConexaoMySql\ConsoleTesteConexaoMySql.csproj", "{0C84331F-322B-4230-805D-03435E8DC68B}"
EndProject
Global
	GlobalSection(SolutionConfigurationPlatforms) = preSolution
		Debug|Any CPU = Debug|Any CPU
		Release|Any CPU = Release|Any CPU
	EndGlobalSection
	GlobalSection(ProjectConfigurationPlatforms) = postSolution
		{0C84331F-322B-4230-805D-03435E8DC68B}.Debug|Any CPU.ActiveCfg = Debug|Any CPU
		{0C84331F-322B-4230-805D-03435E8DC68B}.Debug|Any CPU.Build.0 = Debug|Any CPU
		{0C84331F-322B-4230-805D-03435E8DC68B}.Release|Any CPU.ActiveCfg = Release|Any CPU
		{0C84331F-322B-4230-805D-03435E8DC68B}.Release|Any CPU.Build.0 = Release|Any CPU
	EndGlobalSection
	GlobalSection(SolutionProperties) = preSolution
		HideSolutionNode = FALSE
	EndGlobalSection
	GlobalSection(ExtensibilityGlobals) = postSolution
		SolutionGuid = {3AE24169-5D31-44D9-8AD6-B4F750BB8740}
	EndGlobalSection
EndGlobal
